
Microsoft Visual Studio Solution File, Format Version 12.00
# Visual Studio Version 17
VisualStudioVersion = 17.7.34031.279
MinimumVisualStudioVersion = 10.0.40219.1
Project("{FAE04EC0-301F-11D3-BF4B-00C04F79EFBC}") = "EmployeeManagement", "EmployeeManagement\EmployeeManagement.csproj", "{B4D9BD59-C560-41A7-90BC-9642FE0A4481}"
EndProject
Global
	GlobalSection(SolutionConfigurationPlatforms) = preSolution
		Debug|Any CPU = Debug|Any CPU
		Release|Any CPU = Release|Any CPU
	EndGlobalSection
	GlobalSection(ProjectConfigurationPlatforms) = postSolution
		{B4D9BD59-C560-41A7-90BC-9642FE0A4481}.Debug|Any CPU.ActiveCfg = Debug|Any CPU
		{B4D9BD59-C560-41A7-90BC-9642FE0A4481}.Debug|Any CPU.Build.0 = Debug|Any CPU
		{B4D9BD59-C560-41A7-90BC-9642FE0A4481}.Release|Any CPU.ActiveCfg = Release|Any CPU
		{B4D9BD59-C560-41A7-90BC-9642FE0A4481}.Release|Any CPU.Build.0 = Release|Any CPU
	EndGlobalSection
	GlobalSection(SolutionProperties) = preSolution
		HideSolutionNode = FALSE
	EndGlobalSection
	GlobalSection(ExtensibilityGlobals) = postSolution
		SolutionGuid = {327D00F9-9864-42E1-827B-6E5AFA3AE990}
	EndGlobalSection
EndGlobal
